Microsoft Visual Studio Solution File, Format Version 12.00
# Visual Studio Version 17
VisualStudioVersion = 17.5.2.0
MinimumVisualStudioVersion = 10.0.40219.1
Project("{FAE04EC0-301F-11D3-BF4B-00C04F79EFBC}") = "Programas", "Programas\Programas.csproj", "{47B11041-E99B-E5DC-EE75-CB0F1D16874A}"
EndProject
Global
	GlobalSection(SolutionConfigurationPlatforms) = preSolution
		Debug|Any CPU = Debug|Any CPU
		Release|Any CPU = Release|Any CPU
	EndGlobalSection
	GlobalSection(ProjectConfigurationPlatforms) = postSolution
		{47B11041-E99B-E5DC-EE75-CB0F1D16874A}.Debug|Any CPU.ActiveCfg = Debug|Any CPU
		{47B11041-E99B-E5DC-EE75-CB0F1D16874A}.Debug|Any CPU.Build.0 = Debug|Any CPU
		{47B11041-E99B-E5DC-EE75-CB0F1D16874A}.Release|Any CPU.ActiveCfg = Release|Any CPU
		{47B11041-E99B-E5DC-EE75-CB0F1D16874A}.Release|Any CPU.Build.0 = Release|Any CPU
	EndGlobalSection
	GlobalSection(SolutionProperties) = preSolution
		HideSolutionNode = FALSE
	EndGlobalSection
	GlobalSection(ExtensibilityGlobals) = postSolution
		SolutionGuid = {E8F3B479-70FB-451C-B969-24E8BA9E4920}
	EndGlobalSection
EndGlobal
